
Microsoft Visual Studio Solution File, Format Version 12.00
# Visual Studio Version 17
VisualStudioVersion = 17.8.34408.163
MinimumVisualStudioVersion = 10.0.40219.1
Project("{FAE04EC0-301F-11D3-BF4B-00C04F79EFBC}") = "GU1-W04-SumArray", "GU1-W04\GU1-W04-SumArray.csproj", "{B166E92F-4C5D-4E6E-9E2D-07ADF14D7255}"
EndProject
Project("{FAE04EC0-301F-11D3-BF4B-00C04F79EFBC}") = "GU1-W04-FindInArray", "GU1-W04-FindInArray\GU1-W04-FindInArray.csproj", "{4A1C4A0D-7DBE-46AF-83F0-87D7E0BD061C}"
EndProject
Project("{FAE04EC0-301F-11D3-BF4B-00C04F79EFBC}") = "GU1-W04-ArrayMaxElement", "GU1-W04-ArrayMaxElement\GU1-W04-ArrayMaxElement.csproj", "{035C80CE-58B6-47C4-B4FA-C64AC914EE9A}"
EndProject
Project("{FAE04EC0-301F-11D3-BF4B-00C04F79EFBC}") = "GU1-W04-InsertAValueAtIndex", "GU1-W04-InsertAValueAtIndex\GU1-W04-InsertAValueAtIndex.csproj", "{A90CC063-F0B7-4B8B-B1CF-BAC22CC3222F}"
EndProject
Project("{FAE04EC0-301F-11D3-BF4B-00C04F79EFBC}") = "240219 - MangNhieuChieu", "240219 - MangNhieuChieu\240219 - MangNhieuChieu.csproj", "{6A1DE671-5E95-48D9-9AD8-6B73815303A3}"
EndProject
Project("{FAE04EC0-301F-11D3-BF4B-00C04F79EFBC}") = "240222 - MineMap", "240222 - MineMap\240222 - MineMap.csproj", "{08626414-6F78-4DEF-A5D2-3633D626BDDA}"
EndProject
Project("{FAE04EC0-301F-11D3-BF4B-00C04F79EFBC}") = "240222 - Methods", "240222 - Methods\240222 - Methods.csproj", "{3089C09D-EC81-4315-B82F-34910EB8F44A}"
EndProject
Project("{FAE04EC0-301F-11D3-BF4B-00C04F79EFBC}") = "C#240224_CountCharInString", "C#240224_CountCharInString\C#240224_CountCharInString.csproj", "{E0CB85B4-EF6D-4839-9AB2-973B5D8C1C63}"
EndProject
Project("{FAE04EC0-301F-11D3-BF4B-00C04F79EFBC}") = "Snake-Game", "Snake-Game\Snake-Game.csproj", "{FB504FB6-DADA-420B-95F8-AAF154772169}"
EndProject
Project("{FAE04EC0-301F-11D3-BF4B-00C04F79EFBC}") = "240227 - OOP - Rectangle", "240227 - OOP - Rectangle\240227 - OOP - Rectangle.csproj", "{2C5E88E8-4BE8-4C72-B3CA-B71BEEA58579}"
EndProject
Project("{FAE04EC0-301F-11D3-BF4B-00C04F79EFBC}") = "GU1-W06 - Animal Class", "GU1-W06 - Animal Class\GU1-W06 - Animal Class.csproj", "{622893B3-0D3F-4507-A79B-7346E32468A9}"
EndProject
Project("{FAE04EC0-301F-11D3-BF4B-00C04F79EFBC}") = "GU1-W06-Static Method", "GU1-W06-Static Method\GU1-W06-Static Method.csproj", "{E4C206E6-CF53-4133-A3E9-958DADA26D5A}"
EndProject
Project("{FAE04EC0-301F-11D3-BF4B-00C04F79EFBC}") = "GU1-W06-Fan Class", "GU1-W06-Fan Class\GU1-W06-Fan Class.csproj", "{0A4630F2-30A8-436D-B07F-3CAB2500282B}"
EndProject
Project("{FAE04EC0-301F-11D3-BF4B-00C04F79EFBC}") = "GU1-W06-StopWatch Class", "GU1-W06-StopWatch Class\GU1-W06-StopWatch Class.csproj", "{50D49C4A-6C1E-4CE3-A438-119FA28AC7B9}"
EndProject
Project("{FAE04EC0-301F-11D3-BF4B-00C04F79EFBC}") = "GU1-W06-Shapes", "GU1-W06-Shapes\GU1-W06-Shapes.csproj", "{469FE407-2729-4F4A-BD07-535017A30718}"
EndProject
Project("{FAE04EC0-301F-11D3-BF4B-00C04F79EFBC}") = "GU1-W06-CircleCylinder", "GU1-W06-CircleCylinder\GU1-W06-CircleCylinder.csproj", "{6DADDE88-70FC-4973-95A8-84DF42313C21}"
EndProject
Project("{FAE04EC0-301F-11D3-BF4B-00C04F79EFBC}") = "GU1-W06-Point2D-Point3D", "GU1-W06-Point2D-Point3D\GU1-W06-Point2D-Point3D.csproj", "{4CCE0D3C-6D01-4B46-9319-7FE5F885476F}"
EndProject
Project("{FAE04EC0-301F-11D3-BF4B-00C04F79EFBC}") = "GU1-W05-F2C", "GU1-W05-F2C\GU1-W05-F2C.csproj", "{56C6C7BA-C970-4284-96D9-9BBFEF9CE7A8}"
EndProject
Project("{FAE04EC0-301F-11D3-BF4B-00C04F79EFBC}") = "GU1-W05-MinElementInArrayMethod", "GU1-W05-MinElementInArrayMethod\GU1-W05-MinElementInArrayMethod.csproj", "{938982AD-48BD-4844-AFCE-27A06444318E}"
EndProject
Project("{FAE04EC0-301F-11D3-BF4B-00C04F79EFBC}") = "GU1-W05-DeleteElementInArray", "GU1-W05-DeleteElementInArray\GU1-W05-DeleteElementInArray.csproj", "{55854453-E42D-4947-8210-1225E8B9B96E}"
EndProject
Project("{FAE04EC0-301F-11D3-BF4B-00C04F79EFBC}") = "240229-AtClass", "240229-AtClass\240229-AtClass.csproj", "{33A4F606-B525-45EA-AE52-9425EE8A103B}"
EndProject
Project("{FAE04EC0-301F-11D3-BF4B-00C04F79EFBC}") = "GU1-W07-Animal Edible", "GU1-W07-Animal Edible\GU1-W07-Animal Edible.csproj", "{3D8BC3A6-D917-4B89-BE5D-E9BD57F17B22}"
EndProject
Project("{FAE04EC0-301F-11D3-BF4B-00C04F79EFBC}") = "GU1-W08-IndexOutOfRangeException", "GU1-W08-IndexOutOfRangeException\GU1-W08-IndexOutOfRangeException.csproj", "{B9A6EF3C-4B61-47A0-ABFE-222C3BBB061F}"
EndProject
Project("{FAE04EC0-301F-11D3-BF4B-00C04F79EFBC}") = "GU1-W08-SumNumberInFile", "GU1-W08-SumNumberInFile\GU1-W08-SumNumberInFile.csproj", "{0445DA5F-0424-4B23-B7B6-356FC2AFF8EC}"
EndProject
Project("{FAE04EC0-301F-11D3-BF4B-00C04F79EFBC}") = "GU1-W07-AnimalClassAndEdibleInterface", "GU1-W07-AnimalClassAndEdibleInterface\GU1-W07-AnimalClassAndEdibleInterface.csproj", "{4A5C31EC-DFBB-4596-83DC-2102C98FBD23}"
EndProject
Global
	GlobalSection(SolutionConfigurationPlatforms) = preSolution
		Debug|Any CPU = Debug|Any CPU
		Release|Any CPU = Release|Any CPU
	EndGlobalSection
	GlobalSection(ProjectConfigurationPlatforms) = postSolution
		{B166E92F-4C5D-4E6E-9E2D-07ADF14D7255}.Debug|Any CPU.ActiveCfg = Debug|Any CPU
		{B166E92F-4C5D-4E6E-9E2D-07ADF14D7255}.Debug|Any CPU.Build.0 = Debug|Any CPU
		{B166E92F-4C5D-4E6E-9E2D-07ADF14D7255}.Release|Any CPU.ActiveCfg = Release|Any CPU
		{B166E92F-4C5D-4E6E-9E2D-07ADF14D7255}.Release|Any CPU.Build.0 = Release|Any CPU
		{4A1C4A0D-7DBE-46AF-83F0-87D7E0BD061C}.Debug|Any CPU.ActiveCfg = Debug|Any CPU
		{4A1C4A0D-7DBE-46AF-83F0-87D7E0BD061C}.Debug|Any CPU.Build.0 = Debug|Any CPU
		{4A1C4A0D-7DBE-46AF-83F0-87D7E0BD061C}.Release|Any CPU.ActiveCfg = Release|Any CPU
		{4A1C4A0D-7DBE-46AF-83F0-87D7E0BD061C}.Release|Any CPU.Build.0 = Release|Any CPU
		{035C80CE-58B6-47C4-B4FA-C64AC914EE9A}.Debug|Any CPU.ActiveCfg = Debug|Any CPU
		{035C80CE-58B6-47C4-B4FA-C64AC914EE9A}.Debug|Any CPU.Build.0 = Debug|Any CPU
		{035C80CE-58B6-47C4-B4FA-C64AC914EE9A}.Release|Any CPU.ActiveCfg = Release|Any CPU
		{035C80CE-58B6-47C4-B4FA-C64AC914EE9A}.Release|Any CPU.Build.0 = Release|Any CPU
		{A90CC063-F0B7-4B8B-B1CF-BAC22CC3222F}.Debug|Any CPU.ActiveCfg = Debug|Any CPU
		{A90CC063-F0B7-4B8B-B1CF-BAC22CC3222F}.Debug|Any CPU.Build.0 = Debug|Any CPU
		{A90CC063-F0B7-4B8B-B1CF-BAC22CC3222F}.Release|Any CPU.ActiveCfg = Release|Any CPU
		{A90CC063-F0B7-4B8B-B1CF-BAC22CC3222F}.Release|Any CPU.Build.0 = Release|Any CPU
		{6A1DE671-5E95-48D9-9AD8-6B73815303A3}.Debug|Any CPU.ActiveCfg = Debug|Any CPU
		{6A1DE671-5E95-48D9-9AD8-6B73815303A3}.Debug|Any CPU.Build.0 = Debug|Any CPU
		{6A1DE671-5E95-48D9-9AD8-6B73815303A3}.Release|Any CPU.ActiveCfg = Release|Any CPU
		{6A1DE671-5E95-48D9-9AD8-6B73815303A3}.Release|Any CPU.Build.0 = Release|Any CPU
		{08626414-6F78-4DEF-A5D2-3633D626BDDA}.Debug|Any CPU.ActiveCfg = Debug|Any CPU
		{08626414-6F78-4DEF-A5D2-3633D626BDDA}.Debug|Any CPU.Build.0 = Debug|Any CPU
		{08626414-6F78-4DEF-A5D2-3633D626BDDA}.Release|Any CPU.ActiveCfg = Release|Any CPU
		{08626414-6F78-4DEF-A5D2-3633D626BDDA}.Release|Any CPU.Build.0 = Release|Any CPU
		{3089C09D-EC81-4315-B82F-34910EB8F44A}.Debug|Any CPU.ActiveCfg = Debug|Any CPU
		{3089C09D-EC81-4315-B82F-34910EB8F44A}.Debug|Any CPU.Build.0 = Debug|Any CPU
		{3089C09D-EC81-4315-B82F-34910EB8F44A}.Release|Any CPU.ActiveCfg = Release|Any CPU
		{3089C09D-EC81-4315-B82F-34910EB8F44A}.Release|Any CPU.Build.0 = Release|Any CPU
		{E0CB85B4-EF6D-4839-9AB2-973B5D8C1C63}.Debug|Any CPU.ActiveCfg = Debug|Any CPU
		{E0CB85B4-EF6D-4839-9AB2-973B5D8C1C63}.Debug|Any CPU.Build.0 = Debug|Any CPU
		{E0CB85B4-EF6D-4839-9AB2-973B5D8C1C63}.Release|Any CPU.ActiveCfg = Release|Any CPU
		{E0CB85B4-EF6D-4839-9AB2-973B5D8C1C63}.Release|Any CPU.Build.0 = Release|Any CPU
		{FB504FB6-DADA-420B-95F8-AAF154772169}.Debug|Any CPU.ActiveCfg = Debug|Any CPU
		{FB504FB6-DADA-420B-95F8-AAF154772169}.Debug|Any CPU.Build.0 = Debug|Any CPU
		{FB504FB6-DADA-420B-95F8-AAF154772169}.Release|Any CPU.ActiveCfg = Release|Any CPU
		{FB504FB6-DADA-420B-95F8-AAF154772169}.Release|Any CPU.Build.0 = Release|Any CPU
		{2C5E88E8-4BE8-4C72-B3CA-B71BEEA58579}.Debug|Any CPU.ActiveCfg = Debug|Any CPU
		{2C5E88E8-4BE8-4C72-B3CA-B71BEEA58579}.Debug|Any CPU.Build.0 = Debug|Any CPU
		{2C5E88E8-4BE8-4C72-B3CA-B71BEEA58579}.Release|Any CPU.ActiveCfg = Release|Any CPU
		{2C5E88E8-4BE8-4C72-B3CA-B71BEEA58579}.Release|Any CPU.Build.0 = Release|Any CPU
		{622893B3-0D3F-4507-A79B-7346E32468A9}.Debug|Any CPU.ActiveCfg = Debug|Any CPU
		{622893B3-0D3F-4507-A79B-7346E32468A9}.Debug|Any CPU.Build.0 = Debug|Any CPU
		{622893B3-0D3F-4507-A79B-7346E32468A9}.Release|Any CPU.ActiveCfg = Release|Any CPU
		{622893B3-0D3F-4507-A79B-7346E32468A9}.Release|Any CPU.Build.0 = Release|Any CPU
		{E4C206E6-CF53-4133-A3E9-958DADA26D5A}.Debug|Any CPU.ActiveCfg = Debug|Any CPU
		{E4C206E6-CF53-4133-A3E9-958DADA26D5A}.Debug|Any CPU.Build.0 = Debug|Any CPU
		{E4C206E6-CF53-4133-A3E9-958DADA26D5A}.Release|Any CPU.ActiveCfg = Release|Any CPU
		{E4C206E6-CF53-4133-A3E9-958DADA26D5A}.Release|Any CPU.Build.0 = Release|Any CPU
		{0A4630F2-30A8-436D-B07F-3CAB2500282B}.Debug|Any CPU.ActiveCfg = Debug|Any CPU
		{0A4630F2-30A8-436D-B07F-3CAB2500282B}.Debug|Any CPU.Build.0 = Debug|Any CPU
		{0A4630F2-30A8-436D-B07F-3CAB2500282B}.Release|Any CPU.ActiveCfg = Release|Any CPU
		{0A4630F2-30A8-436D-B07F-3CAB2500282B}.Release|Any CPU.Build.0 = Release|Any CPU
		{50D49C4A-6C1E-4CE3-A438-119FA28AC7B9}.Debug|Any CPU.ActiveCfg = Debug|Any CPU
		{50D49C4A-6C1E-4CE3-A438-119FA28AC7B9}.Debug|Any CPU.Build.0 = Debug|Any CPU
		{50D49C4A-6C1E-4CE3-A438-119FA28AC7B9}.Release|Any CPU.ActiveCfg = Release|Any CPU
		{50D49C4A-6C1E-4CE3-A438-119FA28AC7B9}.Release|Any CPU.Build.0 = Release|Any CPU
		{469FE407-2729-4F4A-BD07-535017A30718}.Debug|Any CPU.ActiveCfg = Debug|Any CPU
		{469FE407-2729-4F4A-BD07-535017A30718}.Debug|Any CPU.Build.0 = Debug|Any CPU
		{469FE407-2729-4F4A-BD07-535017A30718}.Release|Any CPU.ActiveCfg = Release|Any CPU
		{469FE407-2729-4F4A-BD07-535017A30718}.Release|Any CPU.Build.0 = Release|Any CPU
		{6DADDE88-70FC-4973-95A8-84DF42313C21}.Debug|Any CPU.ActiveCfg = Debug|Any CPU
		{6DADDE88-70FC-4973-95A8-84DF42313C21}.Debug|Any CPU.Build.0 = Debug|Any CPU
		{6DADDE88-70FC-4973-95A8-84DF42313C21}.Release|Any CPU.ActiveCfg = Release|Any CPU
		{6DADDE88-70FC-4973-95A8-84DF42313C21}.Release|Any CPU.Build.0 = Release|Any CPU
		{4CCE0D3C-6D01-4B46-9319-7FE5F885476F}.Debug|Any CPU.ActiveCfg = Debug|Any CPU
		{4CCE0D3C-6D01-4B46-9319-7FE5F885476F}.Debug|Any CPU.Build.0 = Debug|Any CPU
		{4CCE0D3C-6D01-4B46-9319-7FE5F885476F}.Release|Any CPU.ActiveCfg = Release|Any CPU
		{4CCE0D3C-6D01-4B46-9319-7FE5F885476F}.Release|Any CPU.Build.0 = Release|Any CPU
		{56C6C7BA-C970-4284-96D9-9BBFEF9CE7A8}.Debug|Any CPU.ActiveCfg = Debug|Any CPU
		{56C6C7BA-C970-4284-96D9-9BBFEF9CE7A8}.Debug|Any CPU.Build.0 = Debug|Any CPU
		{56C6C7BA-C970-4284-96D9-9BBFEF9CE7A8}.Release|Any CPU.ActiveCfg = Release|Any CPU
		{56C6C7BA-C970-4284-96D9-9BBFEF9CE7A8}.Release|Any CPU.Build.0 = Release|Any CPU
		{938982AD-48BD-4844-AFCE-27A06444318E}.Debug|Any CPU.ActiveCfg = Debug|Any CPU
		{938982AD-48BD-4844-AFCE-27A06444318E}.Debug|Any CPU.Build.0 = Debug|Any CPU
		{938982AD-48BD-4844-AFCE-27A06444318E}.Release|Any CPU.ActiveCfg = Release|Any CPU
		{938982AD-48BD-4844-AFCE-27A06444318E}.Release|Any CPU.Build.0 = Release|Any CPU
		{55854453-E42D-4947-8210-1225E8B9B96E}.Debug|Any CPU.ActiveCfg = Debug|Any CPU
		{55854453-E42D-4947-8210-1225E8B9B96E}.Debug|Any CPU.Build.0 = Debug|Any CPU
		{55854453-E42D-4947-8210-1225E8B9B96E}.Release|Any CPU.ActiveCfg = Release|Any CPU
		{55854453-E42D-4947-8210-1225E8B9B96E}.Release|Any CPU.Build.0 = Release|Any CPU
		{33A4F606-B525-45EA-AE52-9425EE8A103B}.Debug|Any CPU.ActiveCfg = Debug|Any CPU
		{33A4F606-B525-45EA-AE52-9425EE8A103B}.Debug|Any CPU.Build.0 = Debug|Any CPU
		{33A4F606-B525-45EA-AE52-9425EE8A103B}.Release|Any CPU.ActiveCfg = Release|Any CPU
		{33A4F606-B525-45EA-AE52-9425EE8A103B}.Release|Any CPU.Build.0 = Release|Any CPU
		{3D8BC3A6-D917-4B89-BE5D-E9BD57F17B22}.Debug|Any CPU.ActiveCfg = Debug|Any CPU
		{3D8BC3A6-D917-4B89-BE5D-E9BD57F17B22}.Debug|Any CPU.Build.0 = Debug|Any CPU
		{3D8BC3A6-D917-4B89-BE5D-E9BD57F17B22}.Release|Any CPU.ActiveCfg = Release|Any CPU
		{3D8BC3A6-D917-4B89-BE5D-E9BD57F17B22}.Release|Any CPU.Build.0 = Release|Any CPU
		{B9A6EF3C-4B61-47A0-ABFE-222C3BBB061F}.Debug|Any CPU.ActiveCfg = Debug|Any CPU
		{B9A6EF3C-4B61-47A0-ABFE-222C3BBB061F}.Debug|Any CPU.Build.0 = Debug|Any CPU
		{B9A6EF3C-4B61-47A0-ABFE-222C3BBB061F}.Release|Any CPU.ActiveCfg = Release|Any CPU
		{B9A6EF3C-4B61-47A0-ABFE-222C3BBB061F}.Release|Any CPU.Build.0 = Release|Any CPU
		{0445DA5F-0424-4B23-B7B6-356FC2AFF8EC}.Debug|Any CPU.ActiveCfg = Debug|Any CPU
		{0445DA5F-0424-4B23-B7B6-356FC2AFF8EC}.Debug|Any CPU.Build.0 = Debug|Any CPU
		{0445DA5F-0424-4B23-B7B6-356FC2AFF8EC}.Release|Any CPU.ActiveCfg = Release|Any CPU
		{0445DA5F-0424-4B23-B7B6-356FC2AFF8EC}.Release|Any CPU.Build.0 = Release|Any CPU
		{4A5C31EC-DFBB-4596-83DC-2102C98FBD23}.Debug|Any CPU.ActiveCfg = Debug|Any CPU
		{4A5C31EC-DFBB-4596-83DC-2102C98FBD23}.Debug|Any CPU.Build.0 = Debug|Any CPU
		{4A5C31EC-DFBB-4596-83DC-2102C98FBD23}.Release|Any CPU.ActiveCfg = Release|Any CPU
		{4A5C31EC-DFBB-4596-83DC-2102C98FBD23}.Release|Any CPU.Build.0 = Release|Any CPU
	EndGlobalSection
	GlobalSection(SolutionProperties) = preSolution
		HideSolutionNode = FALSE
	EndGlobalSection
	GlobalSection(ExtensibilityGlobals) = postSolution
		SolutionGuid = {9D1C6A52-5152-4AF0-8AE1-BEE01DE8E4D5}
	EndGlobalSection
EndGlobal
